// !$*UTF8*$!
{
	archiveVersion = 1;
	classes = {
	};
	objectVersion = 46;
	objects = {

/* Begin PBXBuildFile section */
		293B726F13E5B97500C5AF2E /* pause.png in Resources */ = {isa = PBXBuildFile; fileRef = 293B726D13E5B97500C5AF2E /* pause.png */; };
		293B727013E5B97500C5AF2E /* play.png in Resources */ = {isa = PBXBuildFile; fileRef = 293B726E13E5B97500C5AF2E /* play.png */; };
		29893A3713E4BBCA00951AB6 /* SPCircularBuffer.m in Sources */ = {isa = PBXBuildFile; fileRef = 29893A3413E4BBCA00951AB6 /* SPCircularBuffer.m */; };
		29893A3813E4BBCA00951AB6 /* SPPlaybackManager.m in Sources */ = {isa = PBXBuildFile; fileRef = 29893A3613E4BBCA00951AB6 /* SPPlaybackManager.m */; };
		29893A4513E4BBEF00951AB6 /* NCCommon.m in Sources */ = {isa = PBXBuildFile; fileRef = 29893A3B13E4BBEF00951AB6 /* NCCommon.m */; };
		29893A4613E4BBEF00951AB6 /* CoCAAudioDevice.m in Sources */ = {isa = PBXBuildFile; fileRef = 29893A3F13E4BBEF00951AB6 /* CoCAAudioDevice.m */; };
		29893A4713E4BBEF00951AB6 /* CoCAAudioHardwareSystem.m in Sources */ = {isa = PBXBuildFile; fileRef = 29893A4113E4BBEF00951AB6 /* CoCAAudioHardwareSystem.m */; };
		29893A4813E4BBEF00951AB6 /* CoCAAudioUnit.m in Sources */ = {isa = PBXBuildFile; fileRef = 29893A4313E4BBEF00951AB6 /* CoCAAudioUnit.m */; };
		29893A4A13E4BC2200951AB6 /* CoreAudio.framework in Frameworks */ = {isa = PBXBuildFile; fileRef = 29893A4913E4BC2200951AB6 /* CoreAudio.framework */; };
		29893A4C13E4BC2900951AB6 /* AudioUnit.framework in Frameworks */ = {isa = PBXBuildFile; fileRef = 29893A4B13E4BC2900951AB6 /* AudioUnit.framework */; };
		29893A4F13E4C27800951AB6 /* RPPlaybackManager.m in Sources */ = {isa = PBXBuildFile; fileRef = 29893A4E13E4C27800951AB6 /* RPPlaybackManager.m */; };
		29893A5813E5A88900951AB6 /* album-placeholder.png in Resources */ = {isa = PBXBuildFile; fileRef = 29893A5713E5A88900951AB6 /* album-placeholder.png */; };
		29C5683113E0DF9D001300AC /* Icon.png in Resources */ = {isa = PBXBuildFile; fileRef = 29C5683013E0DF9D001300AC /* Icon.png */; };
		29E8C99A13DDDFDC00CAFBE6 /* Cocoa.framework in Frameworks */ = {isa = PBXBuildFile; fileRef = 29E8C99913DDDFDC00CAFBE6 /* Cocoa.framework */; };
		29E8C9A413DDDFDC00CAFBE6 /* InfoPlist.strings in Resources */ = {isa = PBXBuildFile; fileRef = 29E8C9A213DDDFDC00CAFBE6 /* InfoPlist.strings */; };
		29E8C9A613DDDFDC00CAFBE6 /* main.m in Sources */ = {isa = PBXBuildFile; fileRef = 29E8C9A513DDDFDC00CAFBE6 /* main.m */; };
		29E8C9AA13DDDFDC00CAFBE6 /* Credits.rtf in Resources */ = {isa = PBXBuildFile; fileRef = 29E8C9A813DDDFDC00CAFBE6 /* Credits.rtf */; };
		29E8C9AD13DDDFDC00CAFBE6 /* repeatifyAppDelegate.m in Sources */ = {isa = PBXBuildFile; fileRef = 29E8C9AC13DDDFDC00CAFBE6 /* repeatifyAppDelegate.m */; };
		29E8C9B013DDDFDC00CAFBE6 /* MainMenu.xib in Resources */ = {isa = PBXBuildFile; fileRef = 29E8C9AE13DDDFDC00CAFBE6 /* MainMenu.xib */; };
		29E8C9EB13DDE94300CAFBE6 /* libspotify.framework in Frameworks */ = {isa = PBXBuildFile; fileRef = 29E8C9E613DDE52200CAFBE6 /* libspotify.framework */; };
		29E8C9EC13DDE94300CAFBE6 /* CocoaLibSpotify.framework in Frameworks */ = {isa = PBXBuildFile; fileRef = 29E8C9D813DDE2E500CAFBE6 /* CocoaLibSpotify.framework */; };
		29E8C9ED13DDE94600CAFBE6 /* libspotify.framework in CopyFiles */ = {isa = PBXBuildFile; fileRef = 29E8C9E613DDE52200CAFBE6 /* libspotify.framework */; };
/* End PBXBuildFile section */

/* Begin PBXCopyFilesBuildPhase section */
		29E8C9E513DDE4FA00CAFBE6 /* CopyFiles */ = {
			isa = PBXCopyFilesBuildPhase;
			buildActionMask = 2147483647;
			dstPath = "";
			dstSubfolderSpec = 10;
			files = (
				29E8C9ED13DDE94600CAFBE6 /* libspotify.framework in CopyFiles */,
			);
			runOnlyForDeploymentPostprocessing = 0;
		};
/* End PBXCopyFilesBuildPhase section */

/* Begin PBXFileReference section */
		293B726D13E5B97500C5AF2E /* pause.png */ = {isa = PBXFileReference; lastKnownFileType = image.png; name = pause.png; path = resources/pause.png; sourceTree = "<group>"; };
		293B726E13E5B97500C5AF2E /* play.png */ = {isa = PBXFileReference; lastKnownFileType = image.png; name = play.png; path = resources/play.png; sourceTree = "<group>"; };
		29893A3313E4BBCA00951AB6 /* SPCircularBuffer.h */ = {isa = PBXFileReference; fileEncoding = 4; lastKnownFileType = sourcecode.c.h; name = SPCircularBuffer.h; path = "lib/cocoalibspotify/Sample Projects/SimplePlayer/SimplePlayer/SPCircularBuffer.h"; sourceTree = SOURCE_ROOT; };
		29893A3413E4BBCA00951AB6 /* SPCircularBuffer.m */ = {isa = PBXFileReference; fileEncoding = 4; lastKnownFileType = sourcecode.c.objc; name = SPCircularBuffer.m; path = "lib/cocoalibspotify/Sample Projects/SimplePlayer/SimplePlayer/SPCircularBuffer.m"; sourceTree = SOURCE_ROOT; };
		29893A3513E4BBCA00951AB6 /* SPPlaybackManager.h */ = {isa = PBXFileReference; fileEncoding = 4; lastKnownFileType = sourcecode.c.h; name = SPPlaybackManager.h; path = "lib/cocoalibspotify/Sample Projects/SimplePlayer/SimplePlayer/SPPlaybackManager.h"; sourceTree = SOURCE_ROOT; };
		29893A3613E4BBCA00951AB6 /* SPPlaybackManager.m */ = {isa = PBXFileReference; fileEncoding = 4; lastKnownFileType = sourcecode.c.objc; name = SPPlaybackManager.m; path = "lib/cocoalibspotify/Sample Projects/SimplePlayer/SimplePlayer/SPPlaybackManager.m"; sourceTree = SOURCE_ROOT; };
		29893A3A13E4BBEF00951AB6 /* NCCommon.h */ = {isa = PBXFileReference; fileEncoding = 4; lastKnownFileType = sourcecode.c.h; name = NCCommon.h; path = lib/coca/NCCommon.h; sourceTree = SOURCE_ROOT; };
		29893A3B13E4BBEF00951AB6 /* NCCommon.m */ = {isa = PBXFileReference; fileEncoding = 4; lastKnownFileType = sourcecode.c.objc; name = NCCommon.m; path = lib/coca/NCCommon.m; sourceTree = SOURCE_ROOT; };
		29893A3D13E4BBEF00951AB6 /* CoCA.h */ = {isa = PBXFileReference; fileEncoding = 4; lastKnownFileType = sourcecode.c.h; path = CoCA.h; sourceTree = "<group>"; };
		29893A3E13E4BBEF00951AB6 /* CoCAAudioDevice.h */ = {isa = PBXFileReference; fileEncoding = 4; lastKnownFileType = sourcecode.c.h; path = CoCAAudioDevice.h; sourceTree = "<group>"; };
		29893A3F13E4BBEF00951AB6 /* CoCAAudioDevice.m */ = {isa = PBXFileReference; fileEncoding = 4; lastKnownFileType = sourcecode.c.objc; path = CoCAAudioDevice.m; sourceTree = "<group>"; };
		29893A4013E4BBEF00951AB6 /* CoCAAudioHardwareSystem.h */ = {isa = PBXFileReference; fileEncoding = 4; lastKnownFileType = sourcecode.c.h; path = CoCAAudioHardwareSystem.h; sourceTree = "<group>"; };
		29893A4113E4BBEF00951AB6 /* CoCAAudioHardwareSystem.m */ = {isa = PBXFileReference; fileEncoding = 4; lastKnownFileType = sourcecode.c.objc; path = CoCAAudioHardwareSystem.m; sourceTree = "<group>"; };
		29893A4213E4BBEF00951AB6 /* CoCAAudioUnit.h */ = {isa = PBXFileReference; fileEncoding = 4; lastKnownFileType = sourcecode.c.h; path = CoCAAudioUnit.h; sourceTree = "<group>"; };
		29893A4313E4BBEF00951AB6 /* CoCAAudioUnit.m */ = {isa = PBXFileReference; fileEncoding = 4; lastKnownFileType = sourcecode.c.objc; path = CoCAAudioUnit.m; sourceTree = "<group>"; };
		29893A4413E4BBEF00951AB6 /* PrivateUtil.h */ = {isa = PBXFileReference; fileEncoding = 4; lastKnownFileType = sourcecode.c.h; path = PrivateUtil.h; sourceTree = "<group>"; };
		29893A4913E4BC2200951AB6 /* CoreAudio.framework */ = {isa = PBXFileReference; lastKnownFileType = wrapper.framework; name = CoreAudio.framework; path = System/Library/Frameworks/CoreAudio.framework; sourceTree = SDKROOT; };
		29893A4B13E4BC2900951AB6 /* AudioUnit.framework */ = {isa = PBXFileReference; lastKnownFileType = wrapper.framework; name = AudioUnit.framework; path = System/Library/Frameworks/AudioUnit.framework; sourceTree = SDKROOT; };
		29893A4D13E4C27800951AB6 /* RPPlaybackManager.h */ = {isa = PBXFileReference; fileEncoding = 4; lastKnownFileType = sourcecode.c.h; path = RPPlaybackManager.h; sourceTree = "<group>"; };
		29893A4E13E4C27800951AB6 /* RPPlaybackManager.m */ = {isa = PBXFileReference; fileEncoding = 4; lastKnownFileType = sourcecode.c.objc; path = RPPlaybackManager.m; sourceTree = "<group>"; };
		29893A5713E5A88900951AB6 /* album-placeholder.png */ = {isa = PBXFileReference; lastKnownFileType = image.png; name = "album-placeholder.png"; path = "resources/album-placeholder.png"; sourceTree = "<group>"; };
		29C5683013E0DF9D001300AC /* Icon.png */ = {isa = PBXFileReference; lastKnownFileType = image.png; name = Icon.png; path = resources/Icon.png; sourceTree = "<group>"; };
		29E8C99513DDDFDC00CAFBE6 /* repeatify.app */ = {isa = PBXFileReference; explicitFileType = wrapper.application; includeInIndex = 0; path = repeatify.app; sourceTree = BUILT_PRODUCTS_DIR; };
		29E8C99913DDDFDC00CAFBE6 /* Cocoa.framework */ = {isa = PBXFileReference; lastKnownFileType = wrapper.framework; name = Cocoa.framework; path = System/Library/Frameworks/Cocoa.framework; sourceTree = SDKROOT; };
		29E8C99C13DDDFDC00CAFBE6 /* AppKit.framework */ = {isa = PBXFileReference; lastKnownFileType = wrapper.framework; name = AppKit.framework; path = System/Library/Frameworks/AppKit.framework; sourceTree = SDKROOT; };
		29E8C99D13DDDFDC00CAFBE6 /* CoreData.framework */ = {isa = PBXFileReference; lastKnownFileType = wrapper.framework; name = CoreData.framework; path = System/Library/Frameworks/CoreData.framework; sourceTree = SDKROOT; };
		29E8C99E13DDDFDC00CAFBE6 /* Foundation.framework */ = {isa = PBXFileReference; lastKnownFileType = wrapper.framework; name = Foundation.framework; path = System/Library/Frameworks/Foundation.framework; sourceTree = SDKROOT; };
		29E8C9A113DDDFDC00CAFBE6 /* repeatify-Info.plist */ = {isa = PBXFileReference; lastKnownFileType = text.plist.xml; path = "repeatify-Info.plist"; sourceTree = "<group>"; };
		29E8C9A313DDDFDC00CAFBE6 /* en */ = {isa = PBXFileReference; lastKnownFileType = text.plist.strings; name = en; path = en.lproj/InfoPlist.strings; sourceTree = "<group>"; };
		29E8C9A513DDDFDC00CAFBE6 /* main.m */ = {isa = PBXFileReference; lastKnownFileType = sourcecode.c.objc; path = main.m; sourceTree = "<group>"; };
		29E8C9A713DDDFDC00CAFBE6 /* repeatify-Prefix.pch */ = {isa = PBXFileReference; lastKnownFileType = sourcecode.c.h; path = "repeatify-Prefix.pch"; sourceTree = "<group>"; };
		29E8C9A913DDDFDC00CAFBE6 /* en */ = {isa = PBXFileReference; lastKnownFileType = text.rtf; name = en; path = en.lproj/Credits.rtf; sourceTree = "<group>"; };
		29E8C9AB13DDDFDC00CAFBE6 /* repeatifyAppDelegate.h */ = {isa = PBXFileReference; lastKnownFileType = sourcecode.c.h; path = repeatifyAppDelegate.h; sourceTree = "<group>"; };
		29E8C9AC13DDDFDC00CAFBE6 /* repeatifyAppDelegate.m */ = {isa = PBXFileReference; lastKnownFileType = sourcecode.c.objc; path = repeatifyAppDelegate.m; sourceTree = "<group>"; };
		29E8C9AF13DDDFDC00CAFBE6 /* en */ = {isa = PBXFileReference; lastKnownFileType = file.xib; name = en; path = en.lproj/MainMenu.xib; sourceTree = "<group>"; };
		29E8C9D813DDE2E500CAFBE6 /* CocoaLibSpotify.framework */ = {isa = PBXFileReference; lastKnownFileType = wrapper.framework; name = CocoaLibSpotify.framework; path = "../../Library/Developer/Xcode/DerivedData/repeatify-bduzbsczeotvxffreawzutbpzyjs/Build/Products/Debug/CocoaLibSpotify.framework"; sourceTree = "<group>"; };
		29E8C9DC13DDE3BB00CAFBE6 /* appkey.h */ = {isa = PBXFileReference; fileEncoding = 4; lastKnownFileType = sourcecode.c.h; path = appkey.h; sourceTree = "<group>"; };
		29E8C9E613DDE52200CAFBE6 /* libspotify.framework */ = {isa = PBXFileReference; lastKnownFileType = wrapper.framework; name = libspotify.framework; path = "lib/cocoalibspotify/libspotify-0.0.8-Darwin/libspotify.framework"; sourceTree = "<group>"; };
/* End PBXFileReference section */

/* Begin PBXFrameworksBuildPhase section */
		29E8C99213DDDFDC00CAFBE6 /* Frameworks */ = {
			isa = PBXFrameworksBuildPhase;
			buildActionMask = 2147483647;
			files = (
				29893A4C13E4BC2900951AB6 /* AudioUnit.framework in Frameworks */,
				29893A4A13E4BC2200951AB6 /* CoreAudio.framework in Frameworks */,
				29E8C9EB13DDE94300CAFBE6 /* libspotify.framework in Frameworks */,
				29E8C9EC13DDE94300CAFBE6 /* CocoaLibSpotify.framework in Frameworks */,
				29E8C99A13DDDFDC00CAFBE6 /* Cocoa.framework in Frameworks */,
			);
			runOnlyForDeploymentPostprocessing = 0;
		};
/* End PBXFrameworksBuildPhase section */

/* Begin PBXGroup section */
		29893A3113E4BB8600951AB6 /* Playback Helpers */ = {
			isa = PBXGroup;
			children = (
				29893A3913E4BBCF00951AB6 /* CoCA */,
				29893A3313E4BBCA00951AB6 /* SPCircularBuffer.h */,
				29893A3413E4BBCA00951AB6 /* SPCircularBuffer.m */,
				29893A3513E4BBCA00951AB6 /* SPPlaybackManager.h */,
				29893A3613E4BBCA00951AB6 /* SPPlaybackManager.m */,
			);
			name = "Playback Helpers";
			sourceTree = "<group>";
		};
		29893A3913E4BBCF00951AB6 /* CoCA */ = {
			isa = PBXGroup;
			children = (
				29893A3A13E4BBEF00951AB6 /* NCCommon.h */,
				29893A3B13E4BBEF00951AB6 /* NCCommon.m */,
				29893A3C13E4BBEF00951AB6 /* Source */,
			);
			name = CoCA;
			sourceTree = "<group>";
		};
		29893A3C13E4BBEF00951AB6 /* Source */ = {
			isa = PBXGroup;
			children = (
				29893A3D13E4BBEF00951AB6 /* CoCA.h */,
				29893A3E13E4BBEF00951AB6 /* CoCAAudioDevice.h */,
				29893A3F13E4BBEF00951AB6 /* CoCAAudioDevice.m */,
				29893A4013E4BBEF00951AB6 /* CoCAAudioHardwareSystem.h */,
				29893A4113E4BBEF00951AB6 /* CoCAAudioHardwareSystem.m */,
				29893A4213E4BBEF00951AB6 /* CoCAAudioUnit.h */,
				29893A4313E4BBEF00951AB6 /* CoCAAudioUnit.m */,
				29893A4413E4BBEF00951AB6 /* PrivateUtil.h */,
			);
			name = Source;
			path = lib/coca/Source;
			sourceTree = SOURCE_ROOT;
		};
		29C5682E13E0DF8F001300AC /* Resources */ = {
			isa = PBXGroup;
			children = (
				293B726D13E5B97500C5AF2E /* pause.png */,
				293B726E13E5B97500C5AF2E /* play.png */,
				29893A5713E5A88900951AB6 /* album-placeholder.png */,
				29C5683013E0DF9D001300AC /* Icon.png */,
			);
			name = Resources;
			sourceTree = "<group>";
		};
		29E8C98A13DDDFDC00CAFBE6 = {
			isa = PBXGroup;
			children = (
				29E8C99F13DDDFDC00CAFBE6 /* repeatify */,
				29E8C99813DDDFDC00CAFBE6 /* Frameworks */,
				29E8C99613DDDFDC00CAFBE6 /* Products */,
			);
			sourceTree = "<group>";
		};
		29E8C99613DDDFDC00CAFBE6 /* Products */ = {
			isa = PBXGroup;
			children = (
				29E8C99513DDDFDC00CAFBE6 /* repeatify.app */,
			);
			name = Products;
			sourceTree = "<group>";
		};
		29E8C99813DDDFDC00CAFBE6 /* Frameworks */ = {
			isa = PBXGroup;
			children = (
				29893A4B13E4BC2900951AB6 /* AudioUnit.framework */,
				29893A4913E4BC2200951AB6 /* CoreAudio.framework */,
				29E8C9E613DDE52200CAFBE6 /* libspotify.framework */,
				29E8C9D813DDE2E500CAFBE6 /* CocoaLibSpotify.framework */,
				29E8C99913DDDFDC00CAFBE6 /* Cocoa.framework */,
				29E8C99B13DDDFDC00CAFBE6 /* Other Frameworks */,
			);
			name = Frameworks;
			sourceTree = "<group>";
		};
		29E8C99B13DDDFDC00CAFBE6 /* Other Frameworks */ = {
			isa = PBXGroup;
			children = (
				29E8C99C13DDDFDC00CAFBE6 /* AppKit.framework */,
				29E8C99D13DDDFDC00CAFBE6 /* CoreData.framework */,
				29E8C99E13DDDFDC00CAFBE6 /* Foundation.framework */,
			);
			name = "Other Frameworks";
			sourceTree = "<group>";
		};
		29E8C99F13DDDFDC00CAFBE6 /* repeatify */ = {
			isa = PBXGroup;
			children = (
				29893A3113E4BB8600951AB6 /* Playback Helpers */,
				29C5682E13E0DF8F001300AC /* Resources */,
				29893A4D13E4C27800951AB6 /* RPPlaybackManager.h */,
				29893A4E13E4C27800951AB6 /* RPPlaybackManager.m */,
				29E8C9AB13DDDFDC00CAFBE6 /* repeatifyAppDelegate.h */,
				29E8C9AC13DDDFDC00CAFBE6 /* repeatifyAppDelegate.m */,
				29E8C9AE13DDDFDC00CAFBE6 /* MainMenu.xib */,
				29E8C9A013DDDFDC00CAFBE6 /* Supporting Files */,
			);
			path = repeatify;
			sourceTree = "<group>";
		};
		29E8C9A013DDDFDC00CAFBE6 /* Supporting Files */ = {
			isa = PBXGroup;
			children = (
				29E8C9A113DDDFDC00CAFBE6 /* repeatify-Info.plist */,
				29E8C9A213DDDFDC00CAFBE6 /* InfoPlist.strings */,
				29E8C9A513DDDFDC00CAFBE6 /* main.m */,
				29E8C9A713DDDFDC00CAFBE6 /* repeatify-Prefix.pch */,
				29E8C9A813DDDFDC00CAFBE6 /* Credits.rtf */,
				29E8C9DC13DDE3BB00CAFBE6 /* appkey.h */,
			);
			name = "Supporting Files";
			sourceTree = "<group>";
		};
/* End PBXGroup section */

/* Begin PBXNativeTarget section */
		29E8C99413DDDFDC00CAFBE6 /* repeatify */ = {
			isa = PBXNativeTarget;
			buildConfigurationList = 29E8C9B313DDDFDC00CAFBE6 /* Build configuration list for PBXNativeTarget "repeatify" */;
			buildPhases = (
				29E8C99113DDDFDC00CAFBE6 /* Sources */,
				29E8C99213DDDFDC00CAFBE6 /* Frameworks */,
				29E8C9E513DDE4FA00CAFBE6 /* CopyFiles */,
				29E8C99313DDDFDC00CAFBE6 /* Resources */,
			);
			buildRules = (
			);
			dependencies = (
			);
			name = repeatify;
			productName = repeatify;
			productReference = 29E8C99513DDDFDC00CAFBE6 /* repeatify.app */;
			productType = "com.apple.product-type.application";
		};
/* End PBXNativeTarget section */

/* Begin PBXProject section */
		29E8C98C13DDDFDC00CAFBE6 /* Project object */ = {
			isa = PBXProject;
			attributes = {
				LastUpgradeCheck = 0420;
				ORGANIZATIONNAME = "Longyi Qi";
			};
			buildConfigurationList = 29E8C98F13DDDFDC00CAFBE6 /* Build configuration list for PBXProject "repeatify" */;
			compatibilityVersion = "Xcode 3.2";
			developmentRegion = English;
			hasScannedForEncodings = 0;
			knownRegions = (
				en,
			);
			mainGroup = 29E8C98A13DDDFDC00CAFBE6;
			productRefGroup = 29E8C99613DDDFDC00CAFBE6 /* Products */;
			projectDirPath = "";
			projectRoot = "";
			targets = (
				29E8C99413DDDFDC00CAFBE6 /* repeatify */,
			);
		};
/* End PBXProject section */

/* Begin PBXResourcesBuildPhase section */
		29E8C99313DDDFDC00CAFBE6 /* Resources */ = {
			isa = PBXResourcesBuildPhase;
			buildActionMask = 2147483647;
			files = (
				29E8C9A413DDDFDC00CAFBE6 /* InfoPlist.strings in Resources */,
				29E8C9AA13DDDFDC00CAFBE6 /* Credits.rtf in Resources */,
				29E8C9B013DDDFDC00CAFBE6 /* MainMenu.xib in Resources */,
				29C5683113E0DF9D001300AC /* Icon.png in Resources */,
				29893A5813E5A88900951AB6 /* album-placeholder.png in Resources */,
				293B726F13E5B97500C5AF2E /* pause.png in Resources */,
				293B727013E5B97500C5AF2E /* play.png in Resources */,
			);
			runOnlyForDeploymentPostprocessing = 0;
		};
/* End PBXResourcesBuildPhase section */

/* Begin PBXSourcesBuildPhase section */
		29E8C99113DDDFDC00CAFBE6 /* Sources */ = {
			isa = PBXSourcesBuildPhase;
			buildActionMask = 2147483647;
			files = (
				29E8C9A613DDDFDC00CAFBE6 /* main.m in Sources */,
				29E8C9AD13DDDFDC00CAFBE6 /* repeatifyAppDelegate.m in Sources */,
				29893A3713E4BBCA00951AB6 /* SPCircularBuffer.m in Sources */,
				29893A3813E4BBCA00951AB6 /* SPPlaybackManager.m in Sources */,
				29893A4513E4BBEF00951AB6 /* NCCommon.m in Sources */,
				29893A4613E4BBEF00951AB6 /* CoCAAudioDevice.m in Sources */,
				29893A4713E4BBEF00951AB6 /* CoCAAudioHardwareSystem.m in Sources */,
				29893A4813E4BBEF00951AB6 /* CoCAAudioUnit.m in Sources */,
				29893A4F13E4C27800951AB6 /* RPPlaybackManager.m in Sources */,
			);
			runOnlyForDeploymentPostprocessing = 0;
		};
/* End PBXSourcesBuildPhase section */

/* Begin PBXVariantGroup section */
		29E8C9A213DDDFDC00CAFBE6 /* InfoPlist.strings */ = {
			isa = PBXVariantGroup;
			children = (
				29E8C9A313DDDFDC00CAFBE6 /* en */,
			);
			name = InfoPlist.strings;
			sourceTree = "<group>";
		};
		29E8C9A813DDDFDC00CAFBE6 /* Credits.rtf */ = {
			isa = PBXVariantGroup;
			children = (
				29E8C9A913DDDFDC00CAFBE6 /* en */,
			);
			name = Credits.rtf;
			sourceTree = "<group>";
		};
		29E8C9AE13DDDFDC00CAFBE6 /* MainMenu.xib */ = {
			isa = PBXVariantGroup;
			children = (
				29E8C9AF13DDDFDC00CAFBE6 /* en */,
			);
			name = MainMenu.xib;
			sourceTree = "<group>";
		};
/* End PBXVariantGroup section */

/* Begin XCBuildConfiguration section */
		29E8C9B113DDDFDC00CAFBE6 /* Debug */ = {
			isa = XCBuildConfiguration;
			buildSettings = {
				ALWAYS_SEARCH_USER_PATHS = NO;
				ARCHS = "$(ARCHS_STANDARD_64_BIT)";
				CLANG_ENABLE_OBJC_ARC = NO;
				COPY_PHASE_STRIP = NO;
				CURRENT_PROJECT_VERSION = 6;
				GCC_C_LANGUAGE_STANDARD = gnu99;
				GCC_DYNAMIC_NO_PIC = NO;
				GCC_ENABLE_OBJC_EXCEPTIONS = YES;
				GCC_OPTIMIZATION_LEVEL = 0;
				GCC_PREPROCESSOR_DEFINITIONS = (
					"DEBUG=1",
					"$(inherited)",
				);
				GCC_SYMBOLS_PRIVATE_EXTERN = NO;
				GCC_VERSION = com.apple.compilers.llvm.clang.1_0;
				GCC_WARN_64_TO_32_BIT_CONVERSION = YES;
				GCC_WARN_ABOUT_MISSING_PROTOTYPES = YES;
				GCC_WARN_ABOUT_RETURN_TYPE = YES;
				GCC_WARN_UNUSED_VARIABLE = YES;
				MACOSX_DEPLOYMENT_TARGET = 10.7;
				ONLY_ACTIVE_ARCH = YES;
				SDKROOT = macosx;
				VERSIONING_SYSTEM = "apple-generic";
			};
			name = Debug;
		};
		29E8C9B213DDDFDC00CAFBE6 /* Release */ = {
			isa = XCBuildConfiguration;
			buildSettings = {
				ALWAYS_SEARCH_USER_PATHS = NO;
				ARCHS = "$(ARCHS_STANDARD_64_BIT)";
				CLANG_ENABLE_OBJC_ARC = NO;
				COPY_PHASE_STRIP = YES;
				CURRENT_PROJECT_VERSION = 6;
				DEBUG_INFORMATION_FORMAT = "dwarf-with-dsym";
				GCC_C_LANGUAGE_STANDARD = gnu99;
				GCC_ENABLE_OBJC_EXCEPTIONS = YES;
				GCC_VERSION = com.apple.compilers.llvm.clang.1_0;
				GCC_WARN_64_TO_32_BIT_CONVERSION = YES;
				GCC_WARN_ABOUT_MISSING_PROTOTYPES = YES;
				GCC_WARN_ABOUT_RETURN_TYPE = YES;
				GCC_WARN_UNUSED_VARIABLE = YES;
				MACOSX_DEPLOYMENT_TARGET = 10.7;
				SDKROOT = macosx;
				VERSIONING_SYSTEM = "apple-generic";
			};
			name = Release;
		};
		29E8C9B413DDDFDC00CAFBE6 /* Debug */ = {
			isa = XCBuildConfiguration;
			buildSettings = {
				CURRENT_PROJECT_VERSION = 6;
				FRAMEWORK_SEARCH_PATHS = (
					"\"$(SOURCE_ROOT)/lib/CocoaLibSpotify\"",
					"\"$(SRCROOT)/../../Library/Developer/Xcode/DerivedData/repeatify-bduzbsczeotvxffreawzutbpzyjs/Build/Products/Debug\"",
					"\"$(SRCROOT)/lib/cocoalibspotify/libspotify-0.0.8-Darwin\"",
				);
				GCC_PRECOMPILE_PREFIX_HEADER = YES;
				GCC_PREFIX_HEADER = "repeatify/repeatify-Prefix.pch";
				HEADER_SEARCH_PATHS = "\"$(SOURCE_ROOT)/lib/CocoaLibSpotify\"";
				INFOPLIST_FILE = "repeatify/repeatify-Info.plist";
				PRODUCT_NAME = "$(TARGET_NAME)";
				WRAPPER_EXTENSION = app;
			};
			name = Debug;
		};
		29E8C9B513DDDFDC00CAFBE6 /* Release */ = {
			isa = XCBuildConfiguration;
			buildSettings = {
				CURRENT_PROJECT_VERSION = 6;
				FRAMEWORK_SEARCH_PATHS = (
					"\"$(SOURCE_ROOT)/lib/CocoaLibSpotify\"",
					"\"$(SRCROOT)/../../Library/Developer/Xcode/DerivedData/repeatify-bduzbsczeotvxffreawzutbpzyjs/Build/Products/Debug\"",
					"\"$(SRCROOT)/lib/cocoalibspotify/libspotify-0.0.8-Darwin\"",
				);
				GCC_PRECOMPILE_PREFIX_HEADER = YES;
				GCC_PREFIX_HEADER = "repeatify/repeatify-Prefix.pch";
				HEADER_SEARCH_PATHS = "\"$(SOURCE_ROOT)/lib/CocoaLibSpotify\"";
				INFOPLIST_FILE = "repeatify/repeatify-Info.plist";
				PRODUCT_NAME = "$(TARGET_NAME)";
				WRAPPER_EXTENSION = app;
			};
			name = Release;
		};
/* End XCBuildConfiguration section */

/* Begin XCConfigurationList section */
		29E8C98F13DDDFDC00CAFBE6 /* Build configuration list for PBXProject "repeatify" */ = {
			isa = XCConfigurationList;
			buildConfigurations = (
				29E8C9B113DDDFDC00CAFBE6 /* Debug */,
				29E8C9B213DDDFDC00CAFBE6 /* Release */,
			);
			defaultConfigurationIsVisible = 0;
			defaultConfigurationName = Release;
		};
		29E8C9B313DDDFDC00CAFBE6 /* Build configuration list for PBXNativeTarget "repeatify" */ = {
			isa = XCConfigurationList;
			buildConfigurations = (
				29E8C9B413DDDFDC00CAFBE6 /* Debug */,
				29E8C9B513DDDFDC00CAFBE6 /* Release */,
			);
			defaultConfigurationIsVisible = 0;
			defaultConfigurationName = Release;
		};
/* End XCConfigurationList section */
	};
	rootObject = 29E8C98C13DDDFDC00CAFBE6 /* Project object */;
}
